{
    "_readme": [
        "This file locks the dependencies of your project to a known state",
        "Read more about it at https://getcomposer.org/doc/01-basic-usage.md#installing-dependencies",
        "This file is @generated automatically"
    ],
    "content-hash": "4d0fe775ec9f75befa928d7bb2d52586",
    "packages": [
        {
            "name": "konekt/pdf-invoice",
            "version": "1.9.0",
            "source": {
                "type": "git",
                "url": "https://github.com/artkonekt/pdf-invoice.git",
                "reference": "35ba8a248d4572425bf256d97702e5bdc345d679"
            },
            "dist": {
                "type": "zip",
                "url": "https://api.github.com/repos/artkonekt/pdf-invoice/zipball/35ba8a248d4572425bf256d97702e5bdc345d679",
                "reference": "35ba8a248d4572425bf256d97702e5bdc345d679",
                "shasum": ""
            },
            "require": {
                "ext-iconv": "*",
                "ext-mbstring": "*",
                "php": "^7.3|^8.0",
                "setasign/fpdf": "~1.8.1"
            },
            "require-dev": {
                "phpunit/phpunit": "8 - 9"
            },
            "type": "library",
            "autoload": {
                "psr-4": {
                    "Konekt\\PdfInvoice\\": "src/"
                }
            },
            "notification-url": "https://packagist.org/downloads/",
            "license": [
                "GPL-2.0-or-later"
            ],
            "authors": [
                {
                    "name": "Attila Fulop",
                    "homepage": "https://github.com/fulopattila122"
                }
            ],
            "description": "Library to generate PDF invoices",
            "keywords": [
                "artkonekt",
                "invoice",
                "konekt",
                "pdf"
            ],
            "time": "2021-04-14T13:49:15+00:00"
        },
        {
            "name": "pelago/emogrifier",
            "version": "v5.0.1",
            "source": {
                "type": "git",
                "url": "https://github.com/MyIntervals/emogrifier.git",
                "reference": "37595a9bb62c3c25969bdd9e8d7dd24c3ac62bc9"
            },
            "dist": {
                "type": "zip",
                "url": "https://api.github.com/repos/MyIntervals/emogrifier/zipball/37595a9bb62c3c25969bdd9e8d7dd24c3ac62bc9",
                "reference": "37595a9bb62c3c25969bdd9e8d7dd24c3ac62bc9",
                "shasum": ""
            },
            "require": {
                "ext-dom": "*",
                "ext-libxml": "*",
                "php": "~7.1.0 || ~7.2.0 || ~7.3.0 || ~7.4.0 || ~8.0.0",
                "symfony/css-selector": "^3.4.32 || ^4.4 || ^5.1"
            },
            "require-dev": {
                "php-parallel-lint/php-parallel-lint": "^1.2.0",
                "rawr/cross-data-providers": "^2.3.0",
                "slevomat/coding-standard": "^6.4.1",
                "squizlabs/php_codesniffer": "^3.5.8"
            },
            "type": "library",
            "extra": {
                "branch-alias": {
                    "dev-main": "6.0.x-dev"
                }
            },
            "autoload": {
                "psr-4": {
                    "Pelago\\Emogrifier\\": "src/"
                }
            },
            "notification-url": "https://packagist.org/downloads/",
            "license": [
                "MIT"
            ],
            "authors": [
                {
                    "name": "Oliver Klee",
                    "email": "github@oliverklee.de"
                },
                {
                    "name": "Zoli Szabó",
                    "email": "zoli.szabo+github@gmail.com"
                },
                {
                    "name": "John Reeve",
                    "email": "jreeve@pelagodesign.com"
                },
                {
                    "name": "Jake Hotson",
                    "email": "jake@qzdesign.co.uk"
                },
                {
                    "name": "Cameron Brooks"
                },
                {
                    "name": "Jaime Prado"
                }
            ],
            "description": "Converts CSS styles into inline style attributes in your HTML code",
            "homepage": "https://www.myintervals.com/emogrifier.php",
            "keywords": [
                "css",
                "email",
                "pre-processing"
            ],
            "time": "2021-04-06T08:18:22+00:00"
        },
        {
            "name": "setasign/fpdf",
            "version": "1.8.4",
            "source": {
                "type": "git",
                "url": "https://github.com/Setasign/FPDF.git",
                "reference": "b0ddd9c5b98ced8230ef38534f6f3c17308a7974"
            },
            "dist": {
                "type": "zip",
                "url": "https://api.github.com/repos/Setasign/FPDF/zipball/b0ddd9c5b98ced8230ef38534f6f3c17308a7974",
                "reference": "b0ddd9c5b98ced8230ef38534f6f3c17308a7974",
                "shasum": ""
            },
            "require": {
                "ext-gd": "*",
                "ext-zlib": "*"
            },
            "type": "library",
            "autoload": {
                "classmap": [
                    "fpdf.php"
                ]
            },
            "notification-url": "https://packagist.org/downloads/",
            "license": [
                "MIT"
            ],
            "authors": [
                {
                    "name": "Olivier Plathey",
                    "email": "oliver@fpdf.org",
                    "homepage": "http://fpdf.org/"
                }
            ],
            "description": "FPDF is a PHP class which allows to generate PDF files with pure PHP. F from FPDF stands for Free: you may use it for any kind of usage and modify it to suit your needs.",
            "homepage": "http://www.fpdf.org",
            "keywords": [
                "fpdf",
                "pdf"
            ],
            "time": "2021-08-30T07:50:06+00:00"
        },
        {
            "name": "symfony/css-selector",
            "version": "v5.3.4",
            "source": {
                "type": "git",
                "url": "https://github.com/symfony/css-selector.git",
                "reference": "7fb120adc7f600a59027775b224c13a33530dd90"
            },
            "dist": {
                "type": "zip",
                "url": "https://api.github.com/repos/symfony/css-selector/zipball/7fb120adc7f600a59027775b224c13a33530dd90",
                "reference": "7fb120adc7f600a59027775b224c13a33530dd90",
                "shasum": ""
            },
            "require": {
                "php": ">=7.2.5",
                "symfony/polyfill-php80": "^1.16"
            },
            "type": "library",
            "autoload": {
                "psr-4": {
                    "Symfony\\Component\\CssSelector\\": ""
                },
                "exclude-from-classmap": [
                    "/Tests/"
                ]
            },
            "notification-url": "https://packagist.org/downloads/",
            "license": [
                "MIT"
            ],
            "authors": [
                {
                    "name": "Fabien Potencier",
                    "email": "fabien@symfony.com"
                },
                {
                    "name": "Jean-François Simon",
                    "email": "jeanfrancois.simon@sensiolabs.com"
                },
                {
                    "name": "Symfony Community",
                    "homepage": "https://symfony.com/contributors"
                }
            ],
            "description": "Converts CSS selectors to XPath expressions",
            "homepage": "https://symfony.com",
            "funding": [
                {
                    "url": "https://symfony.com/sponsor",
                    "type": "custom"
                },
                {
                    "url": "https://github.com/fabpot",
                    "type": "github"
                },
                {
                    "url": "https://tidelift.com/funding/github/packagist/symfony/symfony",
                    "type": "tidelift"
                }
            ],
            "time": "2021-07-21T12:38:00+00:00"
        },
        {
            "name": "symfony/polyfill-php80",
            "version": "v1.23.1",
            "source": {
                "type": "git",
                "url": "https://github.com/symfony/polyfill-php80.git",
                "reference": "1100343ed1a92e3a38f9ae122fc0eb21602547be"
            },
            "dist": {
                "type": "zip",
                "url": "https://api.github.com/repos/symfony/polyfill-php80/zipball/1100343ed1a92e3a38f9ae122fc0eb21602547be",
                "reference": "1100343ed1a92e3a38f9ae122fc0eb21602547be",
                "shasum": ""
            },
            "require": {
                "php": ">=7.1"
            },
            "type": "library",
            "extra": {
                "branch-alias": {
                    "dev-main": "1.23-dev"
                },
                "thanks": {
                    "name": "symfony/polyfill",
                    "url": "https://github.com/symfony/polyfill"
                }
            },
            "autoload": {
                "psr-4": {
                    "Symfony\\Polyfill\\Php80\\": ""
                },
                "files": [
                    "bootstrap.php"
                ],
                "classmap": [
                    "Resources/stubs"
                ]
            },
            "notification-url": "https://packagist.org/downloads/",
            "license": [
                "MIT"
            ],
            "authors": [
                {
                    "name": "Ion Bazan",
                    "email": "ion.bazan@gmail.com"
                },
                {
                    "name": "Nicolas Grekas",
                    "email": "p@tchwork.com"
                },
                {
                    "name": "Symfony Community",
                    "homepage": "https://symfony.com/contributors"
                }
            ],
            "description": "Symfony polyfill backporting some PHP 8.0+ features to lower PHP versions",
            "homepage": "https://symfony.com",
            "keywords": [
                "compatibility",
                "polyfill",
                "portable",
                "shim"
            ],
            "funding": [
                {
                    "url": "https://symfony.com/sponsor",
                    "type": "custom"
                },
                {
                    "url": "https://github.com/fabpot",
                    "type": "github"
                },
                {
                    "url": "https://tidelift.com/funding/github/packagist/symfony/symfony",
                    "type": "tidelift"
                }
            ],
            "time": "2021-07-28T13:41:28+00:00"
        },
        {
            "name": "tonchik-tm/pdf-to-html",
            "version": "1.1.0",
            "source": {
                "type": "git",
                "url": "https://github.com/tonchik-tm/pdf-to-html.git",
                "reference": "7b823d55d53300e85c6d58ad8626bc3358faeba2"
            },
            "dist": {
                "type": "zip",
                "url": "https://api.github.com/repos/tonchik-tm/pdf-to-html/zipball/7b823d55d53300e85c6d58ad8626bc3358faeba2",
                "reference": "7b823d55d53300e85c6d58ad8626bc3358faeba2",
                "shasum": ""
            },
            "require": {
                "ext-dom": "*",
                "ext-fileinfo": "*",
                "pelago/emogrifier": "^5.0.0",
                "php": ">=5.4.0"
            },
            "type": "library",
            "autoload": {
                "psr-0": {
                    "TonchikTm": "src"
                },
                "psr-4": {
                    "TonchikTm\\PdfToHtml\\": "src/"
                }
            },
            "notification-url": "https://packagist.org/downloads/",
            "license": [
                "MIT"
            ],
            "authors": [
                {
                    "name": "Anton Nikolaev",
                    "email": "tonchik@tonchik.net",
                    "homepage": "http://www.tonchik.net",
                    "role": "Developer"
                }
            ],
            "description": "This PHP class can convert your pdf files to html using poppler-utils.",
            "time": "2021-05-13T13:42:51+00:00"
        }
    ],
    "packages-dev": [],
    "aliases": [],
    "minimum-stability": "stable",
    "stability-flags": [],
    "prefer-stable": false,
    "prefer-lowest": false,
    "platform": [],
    "platform-dev": [],
    "plugin-api-version": "1.1.0"
}
